
Microsoft Visual Studio Solution File, Format Version 12.00
# Visual Studio Version 16
VisualStudioVersion = 16.0.30114.105
MinimumVisualStudioVersion = 10.0.40219.1
Project("{FAE04EC0-301F-11D3-BF4B-00C04F79EFBC}") = "WindowsFormsAppMultiThread", "WindowsFormsAppMultiThread.csproj", "{6BFB11BA-58C5-4AE5-934A-6E368034C557}"
EndProject
Global
	GlobalSection(SolutionConfigurationPlatforms) = preSolution
		Debug|Any CPU = Debug|Any CPU
		Release|Any CPU = Release|Any CPU
	EndGlobalSection
	GlobalSection(ProjectConfigurationPlatforms) = postSolution
		{6BFB11BA-58C5-4AE5-934A-6E368034C557}.Debug|Any CPU.ActiveCfg = Debug|Any CPU
		{6BFB11BA-58C5-4AE5-934A-6E368034C557}.Debug|Any CPU.Build.0 = Debug|Any CPU
		{6BFB11BA-58C5-4AE5-934A-6E368034C557}.Release|Any CPU.ActiveCfg = Release|Any CPU
		{6BFB11BA-58C5-4AE5-934A-6E368034C557}.Release|Any CPU.Build.0 = Release|Any CPU
	EndGlobalSection
	GlobalSection(SolutionProperties) = preSolution
		HideSolutionNode = FALSE
	EndGlobalSection
	GlobalSection(ExtensibilityGlobals) = postSolution
		SolutionGuid = {DA0DF67A-4068-45AF-8393-4C03F05FC03F}
	EndGlobalSection
EndGlobal
